# This file is automatically @generated by Cargo.
# It is not intended for manual editing.
version = 3

[[package]]
name = "exitcode"
version = "1.1.2"
source = "registry+https://github.com/rust-lang/crates.io-index"
checksum = "de853764b47027c2e862a995c34978ffa63c1501f2e15f987ba11bd4f9bba193"

[[package]]
name = "libc"
version = "0.2.144"
source = "registry+https://github.com/rust-lang/crates.io-index"
checksum = "2b00cc1c228a6782d0f076e7b232802e0c5689d41bb5df366f2a6b6621cfdfe1"

[[package]]
name = "memchr"
version = "2.5.0"
source = "registry+https://github.com/rust-lang/crates.io-index"
checksum = "2dffe52ecf27772e601905b7522cb4ef790d2cc203488bbd0e2fe85fcb74566d"

[[package]]
name = "pkg-config"
version = "0.3.27"
source = "registry+https://github.com/rust-lang/crates.io-index"
checksum = "26072860ba924cbfa98ea39c8c19b4dd6a4a25423dbdf219c1eca91aa0cf6964"

[[package]]
name = "quick-xml"
version = "0.28.2"
source = "registry+https://github.com/rust-lang/crates.io-index"
checksum = "0ce5e73202a820a31f8a0ee32ada5e21029c81fd9e3ebf668a40832e4219d9d1"
dependencies = [
 "memchr",
]

[[package]]
name = "virst-revive"
version = "0.1.0"
dependencies = [
 "exitcode",
 "quick-xml",
 "virt",
]

[[package]]
name = "virt"
version = "0.3.0"
source = "registry+https://github.com/rust-lang/crates.io-index"
checksum = "9316a0df71f1ec209e7ef8ab07097e4181945b245d3348f57de07a3e811e53cf"
dependencies = [
 "libc",
 "virt-sys",
]

[[package]]
name = "virt-sys"
version = "0.2.0"
source = "registry+https://github.com/rust-lang/crates.io-index"
checksum = "cd39f6e0d0ab3fe7c371fac05c9b6ca72e186f06a2e666fb3b95441091eba2db"
dependencies = [
 "libc",
 "pkg-config",
]
